
Microsoft Visual Studio Solution File, Format Version 12.00
# Visual Studio Version 16
VisualStudioVersion = 16.0.30611.23
MinimumVisualStudioVersion = 10.0.40219.1
Project("{FAE04EC0-301F-11D3-BF4B-00C04F79EFBC}") = "HW5_2", "HW5_2\HW5_2.csproj", "{2AEAC744-DCB1-452E-A484-27169D92B83A}"
EndProject
Global
	GlobalSection(SolutionConfigurationPlatforms) = preSolution
		Debug|Any CPU = Debug|Any CPU
		Release|Any CPU = Release|Any CPU
	EndGlobalSection
	GlobalSection(ProjectConfigurationPlatforms) = postSolution
		{2AEAC744-DCB1-452E-A484-27169D92B83A}.Debug|Any CPU.ActiveCfg = Debug|Any CPU
		{2AEAC744-DCB1-452E-A484-27169D92B83A}.Debug|Any CPU.Build.0 = Debug|Any CPU
		{2AEAC744-DCB1-452E-A484-27169D92B83A}.Release|Any CPU.ActiveCfg = Release|Any CPU
		{2AEAC744-DCB1-452E-A484-27169D92B83A}.Release|Any CPU.Build.0 = Release|Any CPU
	EndGlobalSection
	GlobalSection(SolutionProperties) = preSolution
		HideSolutionNode = FALSE
	EndGlobalSection
	GlobalSection(ExtensibilityGlobals) = postSolution
		SolutionGuid = {47BE92AE-DC0C-4120-9967-7FBD3723FAF4}
	EndGlobalSection
EndGlobal
